
Microsoft Visual Studio Solution File, Format Version 12.00
# Visual Studio Version 17
VisualStudioVersion = 17.14.36401.2
MinimumVisualStudioVersion = 10.0.40219.1
Project("{FAE04EC0-301F-11D3-BF4B-00C04F79EFBC}") = "VClinic.Api", "VClinic.Api\VClinic.Api.csproj", "{A35D192B-0C9B-67F1-0715-403AB10D68DB}"
	ProjectSection(ProjectDependencies) = postProject
		{6C695180-E2A9-4D37-BFA4-433B3E131FEC} = {6C695180-E2A9-4D37-BFA4-433B3E131FEC}
		{8525DC8A-AF17-4F06-91CA-DF3AF249BCF0} = {8525DC8A-AF17-4F06-91CA-DF3AF249BCF0}
	EndProjectSection
EndProject
Project("{FAE04EC0-301F-11D3-BF4B-00C04F79EFBC}") = "VClinic.Application", "VClinic.Application\VClinic.Application.csproj", "{8525DC8A-AF17-4F06-91CA-DF3AF249BCF0}"
EndProject
Project("{FAE04EC0-301F-11D3-BF4B-00C04F79EFBC}") = "VClinic.Domain", "VClinic.Domain\VClinic.Domain.csproj", "{17808A31-F150-4A7D-8C51-CF2B491981BA}"
EndProject
Project("{FAE04EC0-301F-11D3-BF4B-00C04F79EFBC}") = "VClinic.Infrastructure", "VClinic.Infrastructure\VClinic.Infrastructure.csproj", "{6C695180-E2A9-4D37-BFA4-433B3E131FEC}"
EndProject
Global
	GlobalSection(SolutionConfigurationPlatforms) = preSolution
		Debug|Any CPU = Debug|Any CPU
		Release|Any CPU = Release|Any CPU
	EndGlobalSection
	GlobalSection(ProjectConfigurationPlatforms) = postSolution
		{A35D192B-0C9B-67F1-0715-403AB10D68DB}.Debug|Any CPU.ActiveCfg = Debug|Any CPU
		{A35D192B-0C9B-67F1-0715-403AB10D68DB}.Debug|Any CPU.Build.0 = Debug|Any CPU
		{A35D192B-0C9B-67F1-0715-403AB10D68DB}.Release|Any CPU.ActiveCfg = Release|Any CPU
		{A35D192B-0C9B-67F1-0715-403AB10D68DB}.Release|Any CPU.Build.0 = Release|Any CPU
		{8525DC8A-AF17-4F06-91CA-DF3AF249BCF0}.Debug|Any CPU.ActiveCfg = Debug|Any CPU
		{8525DC8A-AF17-4F06-91CA-DF3AF249BCF0}.Debug|Any CPU.Build.0 = Debug|Any CPU
		{8525DC8A-AF17-4F06-91CA-DF3AF249BCF0}.Release|Any CPU.ActiveCfg = Release|Any CPU
		{8525DC8A-AF17-4F06-91CA-DF3AF249BCF0}.Release|Any CPU.Build.0 = Release|Any CPU
		{17808A31-F150-4A7D-8C51-CF2B491981BA}.Debug|Any CPU.ActiveCfg = Debug|Any CPU
		{17808A31-F150-4A7D-8C51-CF2B491981BA}.Debug|Any CPU.Build.0 = Debug|Any CPU
		{17808A31-F150-4A7D-8C51-CF2B491981BA}.Release|Any CPU.ActiveCfg = Release|Any CPU
		{17808A31-F150-4A7D-8C51-CF2B491981BA}.Release|Any CPU.Build.0 = Release|Any CPU
		{6C695180-E2A9-4D37-BFA4-433B3E131FEC}.Debug|Any CPU.ActiveCfg = Debug|Any CPU
		{6C695180-E2A9-4D37-BFA4-433B3E131FEC}.Debug|Any CPU.Build.0 = Debug|Any CPU
		{6C695180-E2A9-4D37-BFA4-433B3E131FEC}.Release|Any CPU.ActiveCfg = Release|Any CPU
		{6C695180-E2A9-4D37-BFA4-433B3E131FEC}.Release|Any CPU.Build.0 = Release|Any CPU
	EndGlobalSection
	GlobalSection(SolutionProperties) = preSolution
		HideSolutionNode = FALSE
	EndGlobalSection
	GlobalSection(ExtensibilityGlobals) = postSolution
		SolutionGuid = {2B68D678-44BB-45DA-A4E1-043E8385139D}
	EndGlobalSection
EndGlobal
